
Microsoft Visual Studio Solution File, Format Version 12.00
# Visual Studio Version 16
VisualStudioVersion = 16.0.31424.327
MinimumVisualStudioVersion = 10.0.40219.1
Project("{9A19103F-16F7-4668-BE54-9A1E7A4F7556}") = "KeySecret.DataAccess", "KeySecret.DataAccess\KeySecret.DataAccess.csproj", "{3CC1C65C-430B-4F1C-BDAE-95252ED5A15B}"
EndProject
Project("{9A19103F-16F7-4668-BE54-9A1E7A4F7556}") = "KeySecret.DataAccess.Library", "KeySecret.DataAccess.Library\KeySecret.DataAccess.Library.csproj", "{728802AA-59CC-44C1-9AD1-1689471635D9}"
EndProject
Project("{9A19103F-16F7-4668-BE54-9A1E7A4F7556}") = "KeySecret.DataAccess.Library.Tests", "KeySecret.DataAccess.Library.Tests\KeySecret.DataAccess.Library.Tests.csproj", "{F3D6F98D-1B5B-4303-8A55-DFFED1CB7D47}"
EndProject
Project("{00D1A9C2-B5F0-4AF3-8072-F6C62B433612}") = "KeySecret.Database", "KeySecret.Database\KeySecret.Database.sqlproj", "{F6E88790-9F11-4F98-BEA1-BA8BB3A51FB7}"
EndProject
Project("{9A19103F-16F7-4668-BE54-9A1E7A4F7556}") = "KeySecret.DesktopApp", "KeySecret.DesktopApp\KeySecret.DesktopApp.csproj", "{7F30BA6C-B090-4F66-94A1-C6164C7DBC81}"
EndProject
Project("{9A19103F-16F7-4668-BE54-9A1E7A4F7556}") = "KeySecret.DesktopApp.Library", "KeySecret.DesktopApp.Library\KeySecret.DesktopApp.Library.csproj", "{683B3400-4F2C-4D08-AB76-F54C806D20D6}"
EndProject
Project("{9A19103F-16F7-4668-BE54-9A1E7A4F7556}") = "KeySecret.DesktopApp.Library.Tests", "KeySecret.DesktopApp.Library.Tests\KeySecret.DesktopApp.Library.Tests.csproj", "{CCE595D0-65C6-42AD-9F9A-7F9E3C0FB6E7}"
EndProject
Project("{2150E333-8FDC-42A3-9474-1A3956D46DE8}") = "Database", "Database", "{488756AD-D925-414D-9BB1-6CBA3CDD4080}"
EndProject
Project("{2150E333-8FDC-42A3-9474-1A3956D46DE8}") = "Projects", "Projects", "{CE455936-7EAC-472A-B8C1-C59222D2C9F3}"
EndProject
Project("{2150E333-8FDC-42A3-9474-1A3956D46DE8}") = "Tests", "Tests", "{0DA53C6F-C8D7-4137-B367-682BE2AA6569}"
EndProject
Project("{888888A0-9F3D-457C-B088-3A5042F75D52}") = "KeySecret.Website", "KeySecret.Website\KeySecret.Website.pyproj", "{AA8DA74A-701D-4251-8BE0-07DF071673EC}"
EndProject
Global
	GlobalSection(SolutionConfigurationPlatforms) = preSolution
		Debug|Any CPU = Debug|Any CPU
		Release|Any CPU = Release|Any CPU
	EndGlobalSection
	GlobalSection(ProjectConfigurationPlatforms) = postSolution
		{3CC1C65C-430B-4F1C-BDAE-95252ED5A15B}.Debug|Any CPU.ActiveCfg = Debug|Any CPU
		{3CC1C65C-430B-4F1C-BDAE-95252ED5A15B}.Debug|Any CPU.Build.0 = Debug|Any CPU
		{3CC1C65C-430B-4F1C-BDAE-95252ED5A15B}.Release|Any CPU.ActiveCfg = Release|Any CPU
		{3CC1C65C-430B-4F1C-BDAE-95252ED5A15B}.Release|Any CPU.Build.0 = Release|Any CPU
		{728802AA-59CC-44C1-9AD1-1689471635D9}.Debug|Any CPU.ActiveCfg = Debug|Any CPU
		{728802AA-59CC-44C1-9AD1-1689471635D9}.Debug|Any CPU.Build.0 = Debug|Any CPU
		{728802AA-59CC-44C1-9AD1-1689471635D9}.Release|Any CPU.ActiveCfg = Release|Any CPU
		{728802AA-59CC-44C1-9AD1-1689471635D9}.Release|Any CPU.Build.0 = Release|Any CPU
		{F3D6F98D-1B5B-4303-8A55-DFFED1CB7D47}.Debug|Any CPU.ActiveCfg = Debug|Any CPU
		{F3D6F98D-1B5B-4303-8A55-DFFED1CB7D47}.Debug|Any CPU.Build.0 = Debug|Any CPU
		{F3D6F98D-1B5B-4303-8A55-DFFED1CB7D47}.Release|Any CPU.ActiveCfg = Release|Any CPU
		{F3D6F98D-1B5B-4303-8A55-DFFED1CB7D47}.Release|Any CPU.Build.0 = Release|Any CPU
		{F6E88790-9F11-4F98-BEA1-BA8BB3A51FB7}.Debug|Any CPU.ActiveCfg = Debug|Any CPU
		{F6E88790-9F11-4F98-BEA1-BA8BB3A51FB7}.Debug|Any CPU.Build.0 = Debug|Any CPU
		{F6E88790-9F11-4F98-BEA1-BA8BB3A51FB7}.Debug|Any CPU.Deploy.0 = Debug|Any CPU
		{F6E88790-9F11-4F98-BEA1-BA8BB3A51FB7}.Release|Any CPU.ActiveCfg = Release|Any CPU
		{F6E88790-9F11-4F98-BEA1-BA8BB3A51FB7}.Release|Any CPU.Build.0 = Release|Any CPU
		{F6E88790-9F11-4F98-BEA1-BA8BB3A51FB7}.Release|Any CPU.Deploy.0 = Release|Any CPU
		{7F30BA6C-B090-4F66-94A1-C6164C7DBC81}.Debug|Any CPU.ActiveCfg = Debug|Any CPU
		{7F30BA6C-B090-4F66-94A1-C6164C7DBC81}.Debug|Any CPU.Build.0 = Debug|Any CPU
		{7F30BA6C-B090-4F66-94A1-C6164C7DBC81}.Release|Any CPU.ActiveCfg = Release|Any CPU
		{7F30BA6C-B090-4F66-94A1-C6164C7DBC81}.Release|Any CPU.Build.0 = Release|Any CPU
		{683B3400-4F2C-4D08-AB76-F54C806D20D6}.Debug|Any CPU.ActiveCfg = Debug|Any CPU
		{683B3400-4F2C-4D08-AB76-F54C806D20D6}.Debug|Any CPU.Build.0 = Debug|Any CPU
		{683B3400-4F2C-4D08-AB76-F54C806D20D6}.Release|Any CPU.ActiveCfg = Release|Any CPU
		{683B3400-4F2C-4D08-AB76-F54C806D20D6}.Release|Any CPU.Build.0 = Release|Any CPU
		{CCE595D0-65C6-42AD-9F9A-7F9E3C0FB6E7}.Debug|Any CPU.ActiveCfg = Debug|Any CPU
		{CCE595D0-65C6-42AD-9F9A-7F9E3C0FB6E7}.Debug|Any CPU.Build.0 = Debug|Any CPU
		{CCE595D0-65C6-42AD-9F9A-7F9E3C0FB6E7}.Release|Any CPU.ActiveCfg = Release|Any CPU
		{CCE595D0-65C6-42AD-9F9A-7F9E3C0FB6E7}.Release|Any CPU.Build.0 = Release|Any CPU
		{AA8DA74A-701D-4251-8BE0-07DF071673EC}.Debug|Any CPU.ActiveCfg = Debug|Any CPU
		{AA8DA74A-701D-4251-8BE0-07DF071673EC}.Debug|Any CPU.Build.0 = Debug|Any CPU
		{AA8DA74A-701D-4251-8BE0-07DF071673EC}.Release|Any CPU.ActiveCfg = Release|Any CPU
		{AA8DA74A-701D-4251-8BE0-07DF071673EC}.Release|Any CPU.Build.0 = Release|Any CPU
	EndGlobalSection
	GlobalSection(SolutionProperties) = preSolution
		HideSolutionNode = FALSE
	EndGlobalSection
	GlobalSection(NestedProjects) = preSolution
		{3CC1C65C-430B-4F1C-BDAE-95252ED5A15B} = {CE455936-7EAC-472A-B8C1-C59222D2C9F3}
		{728802AA-59CC-44C1-9AD1-1689471635D9} = {CE455936-7EAC-472A-B8C1-C59222D2C9F3}
		{F3D6F98D-1B5B-4303-8A55-DFFED1CB7D47} = {0DA53C6F-C8D7-4137-B367-682BE2AA6569}
		{F6E88790-9F11-4F98-BEA1-BA8BB3A51FB7} = {488756AD-D925-414D-9BB1-6CBA3CDD4080}
		{7F30BA6C-B090-4F66-94A1-C6164C7DBC81} = {CE455936-7EAC-472A-B8C1-C59222D2C9F3}
		{683B3400-4F2C-4D08-AB76-F54C806D20D6} = {CE455936-7EAC-472A-B8C1-C59222D2C9F3}
		{CCE595D0-65C6-42AD-9F9A-7F9E3C0FB6E7} = {0DA53C6F-C8D7-4137-B367-682BE2AA6569}
		{AA8DA74A-701D-4251-8BE0-07DF071673EC} = {CE455936-7EAC-472A-B8C1-C59222D2C9F3}
	EndGlobalSection
	GlobalSection(ExtensibilityGlobals) = postSolution
		SolutionGuid = {B9D08C66-7B23-47B6-86B4-0ACEE16B9D6F}
	EndGlobalSection
EndGlobal
