
Microsoft Visual Studio Solution File, Format Version 12.00
# Visual Studio Version 16
VisualStudioVersion = 16.0.31424.327
MinimumVisualStudioVersion = 10.0.40219.1
Project("{FAE04EC0-301F-11D3-BF4B-00C04F79EFBC}") = "KeySecret.DesktopApp", "KeySecret.DesktopApp\KeySecret.DesktopApp.csproj", "{7F30BA6C-B090-4F66-94A1-C6164C7DBC81}"
EndProject
Project("{FAE04EC0-301F-11D3-BF4B-00C04F79EFBC}") = "KeySecret.DesktopApp.Library", "KeySecret.DesktopApp.Library\KeySecret.DesktopApp.Library.csproj", "{683B3400-4F2C-4D08-AB76-F54C806D20D6}"
EndProject
Project("{00D1A9C2-B5F0-4AF3-8072-F6C62B433612}") = "KeySecret.Database", "KeySecret.Database\KeySecret.Database.sqlproj", "{F6E88790-9F11-4F98-BEA1-BA8BB3A51FB7}"
EndProject
Project("{FAE04EC0-301F-11D3-BF4B-00C04F79EFBC}") = "KeySecret.DataAccess.Library", "KeySecret.Database.DataAccess\KeySecret.DataAccess.Library.csproj", "{17B19737-E25E-4219-BC64-94A00C447265}"
EndProject
Project("{FAE04EC0-301F-11D3-BF4B-00C04F79EFBC}") = "KeySecret.DataAccess.Library.Tests", "KeySecret.Database.DataAccess.Tests\KeySecret.DataAccess.Library.Tests.csproj", "{F3D6F98D-1B5B-4303-8A55-DFFED1CB7D47}"
EndProject
Project("{FAE04EC0-301F-11D3-BF4B-00C04F79EFBC}") = "KeySecret.DesktopApp.Library.Tests", "KeySecret.DesktopApp.Library.Tests\KeySecret.DesktopApp.Library.Tests.csproj", "{CCE595D0-65C6-42AD-9F9A-7F9E3C0FB6E7}"
EndProject
Project("{2150E333-8FDC-42A3-9474-1A3956D46DE8}") = "Tests", "Tests", "{0DA53C6F-C8D7-4137-B367-682BE2AA6569}"
EndProject
Project("{2150E333-8FDC-42A3-9474-1A3956D46DE8}") = "Database", "Database", "{488756AD-D925-414D-9BB1-6CBA3CDD4080}"
EndProject
Project("{2150E333-8FDC-42A3-9474-1A3956D46DE8}") = "Projects", "Projects", "{CE455936-7EAC-472A-B8C1-C59222D2C9F3}"
EndProject
Project("{FAE04EC0-301F-11D3-BF4B-00C04F79EFBC}") = "KeySecret.DataAccess", "KeySecret.DataAccess\KeySecret.DataAccess.csproj", "{22976DC8-4E17-4970-B74F-3D3CD33DC412}"
EndProject
Global
	GlobalSection(SolutionConfigurationPlatforms) = preSolution
		Debug|Any CPU = Debug|Any CPU
		Release|Any CPU = Release|Any CPU
	EndGlobalSection
	GlobalSection(ProjectConfigurationPlatforms) = postSolution
		{7F30BA6C-B090-4F66-94A1-C6164C7DBC81}.Debug|Any CPU.ActiveCfg = Debug|Any CPU
		{7F30BA6C-B090-4F66-94A1-C6164C7DBC81}.Debug|Any CPU.Build.0 = Debug|Any CPU
		{7F30BA6C-B090-4F66-94A1-C6164C7DBC81}.Release|Any CPU.ActiveCfg = Release|Any CPU
		{7F30BA6C-B090-4F66-94A1-C6164C7DBC81}.Release|Any CPU.Build.0 = Release|Any CPU
		{683B3400-4F2C-4D08-AB76-F54C806D20D6}.Debug|Any CPU.ActiveCfg = Debug|Any CPU
		{683B3400-4F2C-4D08-AB76-F54C806D20D6}.Debug|Any CPU.Build.0 = Debug|Any CPU
		{683B3400-4F2C-4D08-AB76-F54C806D20D6}.Release|Any CPU.ActiveCfg = Release|Any CPU
		{683B3400-4F2C-4D08-AB76-F54C806D20D6}.Release|Any CPU.Build.0 = Release|Any CPU
		{F6E88790-9F11-4F98-BEA1-BA8BB3A51FB7}.Debug|Any CPU.ActiveCfg = Debug|Any CPU
		{F6E88790-9F11-4F98-BEA1-BA8BB3A51FB7}.Debug|Any CPU.Build.0 = Debug|Any CPU
		{F6E88790-9F11-4F98-BEA1-BA8BB3A51FB7}.Debug|Any CPU.Deploy.0 = Debug|Any CPU
		{F6E88790-9F11-4F98-BEA1-BA8BB3A51FB7}.Release|Any CPU.ActiveCfg = Release|Any CPU
		{F6E88790-9F11-4F98-BEA1-BA8BB3A51FB7}.Release|Any CPU.Build.0 = Release|Any CPU
		{F6E88790-9F11-4F98-BEA1-BA8BB3A51FB7}.Release|Any CPU.Deploy.0 = Release|Any CPU
		{17B19737-E25E-4219-BC64-94A00C447265}.Debug|Any CPU.ActiveCfg = Debug|Any CPU
		{17B19737-E25E-4219-BC64-94A00C447265}.Debug|Any CPU.Build.0 = Debug|Any CPU
		{17B19737-E25E-4219-BC64-94A00C447265}.Release|Any CPU.ActiveCfg = Release|Any CPU
		{17B19737-E25E-4219-BC64-94A00C447265}.Release|Any CPU.Build.0 = Release|Any CPU
		{F3D6F98D-1B5B-4303-8A55-DFFED1CB7D47}.Debug|Any CPU.ActiveCfg = Debug|Any CPU
		{F3D6F98D-1B5B-4303-8A55-DFFED1CB7D47}.Debug|Any CPU.Build.0 = Debug|Any CPU
		{F3D6F98D-1B5B-4303-8A55-DFFED1CB7D47}.Release|Any CPU.ActiveCfg = Release|Any CPU
		{F3D6F98D-1B5B-4303-8A55-DFFED1CB7D47}.Release|Any CPU.Build.0 = Release|Any CPU
		{CCE595D0-65C6-42AD-9F9A-7F9E3C0FB6E7}.Debug|Any CPU.ActiveCfg = Debug|Any CPU
		{CCE595D0-65C6-42AD-9F9A-7F9E3C0FB6E7}.Debug|Any CPU.Build.0 = Debug|Any CPU
		{CCE595D0-65C6-42AD-9F9A-7F9E3C0FB6E7}.Release|Any CPU.ActiveCfg = Release|Any CPU
		{CCE595D0-65C6-42AD-9F9A-7F9E3C0FB6E7}.Release|Any CPU.Build.0 = Release|Any CPU
		{22976DC8-4E17-4970-B74F-3D3CD33DC412}.Debug|Any CPU.ActiveCfg = Debug|Any CPU
		{22976DC8-4E17-4970-B74F-3D3CD33DC412}.Debug|Any CPU.Build.0 = Debug|Any CPU
		{22976DC8-4E17-4970-B74F-3D3CD33DC412}.Release|Any CPU.ActiveCfg = Release|Any CPU
		{22976DC8-4E17-4970-B74F-3D3CD33DC412}.Release|Any CPU.Build.0 = Release|Any CPU
	EndGlobalSection
	GlobalSection(SolutionProperties) = preSolution
		HideSolutionNode = FALSE
	EndGlobalSection
	GlobalSection(NestedProjects) = preSolution
		{7F30BA6C-B090-4F66-94A1-C6164C7DBC81} = {CE455936-7EAC-472A-B8C1-C59222D2C9F3}
		{683B3400-4F2C-4D08-AB76-F54C806D20D6} = {CE455936-7EAC-472A-B8C1-C59222D2C9F3}
		{F6E88790-9F11-4F98-BEA1-BA8BB3A51FB7} = {488756AD-D925-414D-9BB1-6CBA3CDD4080}
		{17B19737-E25E-4219-BC64-94A00C447265} = {CE455936-7EAC-472A-B8C1-C59222D2C9F3}
		{F3D6F98D-1B5B-4303-8A55-DFFED1CB7D47} = {0DA53C6F-C8D7-4137-B367-682BE2AA6569}
		{CCE595D0-65C6-42AD-9F9A-7F9E3C0FB6E7} = {0DA53C6F-C8D7-4137-B367-682BE2AA6569}
		{22976DC8-4E17-4970-B74F-3D3CD33DC412} = {CE455936-7EAC-472A-B8C1-C59222D2C9F3}
	EndGlobalSection
	GlobalSection(ExtensibilityGlobals) = postSolution
		SolutionGuid = {B9D08C66-7B23-47B6-86B4-0ACEE16B9D6F}
	EndGlobalSection
EndGlobal
