
Microsoft Visual Studio Solution File, Format Version 12.00
# Visual Studio Version 17
VisualStudioVersion = 17.0.31903.59
MinimumVisualStudioVersion = 10.0.40219.1
Project("{9A19103F-16F7-4668-BE54-9A1E7A4F7556}") = "KeySecret.DataAccess", "KeySecret.DataAccess\KeySecret.DataAccess.csproj", "{3CC1C65C-430B-4F1C-BDAE-95252ED5A15B}"
EndProject
Project("{9A19103F-16F7-4668-BE54-9A1E7A4F7556}") = "KeySecret.DataAccess.Library", "KeySecret.DataAccess.Library\KeySecret.DataAccess.Library.csproj", "{728802AA-59CC-44C1-9AD1-1689471635D9}"
EndProject
Project("{9A19103F-16F7-4668-BE54-9A1E7A4F7556}") = "KeySecret.App.Desktop", "KeySecret.App.Desktop\KeySecret.App.Desktop.csproj", "{7F30BA6C-B090-4F66-94A1-C6164C7DBC81}"
EndProject
Project("{9A19103F-16F7-4668-BE54-9A1E7A4F7556}") = "KeySecret.App.Library", "KeySecret.App.Library\KeySecret.App.Library.csproj", "{683B3400-4F2C-4D08-AB76-F54C806D20D6}"
EndProject
Project("{2150E333-8FDC-42A3-9474-1A3956D46DE8}") = "Applications", "Applications", "{CE455936-7EAC-472A-B8C1-C59222D2C9F3}"
EndProject
Project("{2150E333-8FDC-42A3-9474-1A3956D46DE8}") = "Api", "Api", "{ABF18505-7E66-46EE-BB40-6DA55D1C2B45}"
EndProject
Project("{9A19103F-16F7-4668-BE54-9A1E7A4F7556}") = "KeySecret.App.Web", "KeySecret.App.Web\KeySecret.App.Web.csproj", "{D463B745-2885-40C6-A7C8-15F053FF9B2C}"
EndProject
Global
	GlobalSection(SolutionConfigurationPlatforms) = preSolution
		Debug|Any CPU = Debug|Any CPU
		Release|Any CPU = Release|Any CPU
	EndGlobalSection
	GlobalSection(ProjectConfigurationPlatforms) = postSolution
		{3CC1C65C-430B-4F1C-BDAE-95252ED5A15B}.Debug|Any CPU.ActiveCfg = Debug|Any CPU
		{3CC1C65C-430B-4F1C-BDAE-95252ED5A15B}.Debug|Any CPU.Build.0 = Debug|Any CPU
		{3CC1C65C-430B-4F1C-BDAE-95252ED5A15B}.Release|Any CPU.ActiveCfg = Release|Any CPU
		{3CC1C65C-430B-4F1C-BDAE-95252ED5A15B}.Release|Any CPU.Build.0 = Release|Any CPU
		{728802AA-59CC-44C1-9AD1-1689471635D9}.Debug|Any CPU.ActiveCfg = Debug|Any CPU
		{728802AA-59CC-44C1-9AD1-1689471635D9}.Debug|Any CPU.Build.0 = Debug|Any CPU
		{728802AA-59CC-44C1-9AD1-1689471635D9}.Release|Any CPU.ActiveCfg = Release|Any CPU
		{728802AA-59CC-44C1-9AD1-1689471635D9}.Release|Any CPU.Build.0 = Release|Any CPU
		{7F30BA6C-B090-4F66-94A1-C6164C7DBC81}.Debug|Any CPU.ActiveCfg = Debug|Any CPU
		{7F30BA6C-B090-4F66-94A1-C6164C7DBC81}.Debug|Any CPU.Build.0 = Debug|Any CPU
		{7F30BA6C-B090-4F66-94A1-C6164C7DBC81}.Release|Any CPU.ActiveCfg = Release|Any CPU
		{7F30BA6C-B090-4F66-94A1-C6164C7DBC81}.Release|Any CPU.Build.0 = Release|Any CPU
		{683B3400-4F2C-4D08-AB76-F54C806D20D6}.Debug|Any CPU.ActiveCfg = Debug|Any CPU
		{683B3400-4F2C-4D08-AB76-F54C806D20D6}.Debug|Any CPU.Build.0 = Debug|Any CPU
		{683B3400-4F2C-4D08-AB76-F54C806D20D6}.Release|Any CPU.ActiveCfg = Release|Any CPU
		{683B3400-4F2C-4D08-AB76-F54C806D20D6}.Release|Any CPU.Build.0 = Release|Any CPU
		{D463B745-2885-40C6-A7C8-15F053FF9B2C}.Debug|Any CPU.ActiveCfg = Debug|Any CPU
		{D463B745-2885-40C6-A7C8-15F053FF9B2C}.Debug|Any CPU.Build.0 = Debug|Any CPU
		{D463B745-2885-40C6-A7C8-15F053FF9B2C}.Release|Any CPU.ActiveCfg = Release|Any CPU
		{D463B745-2885-40C6-A7C8-15F053FF9B2C}.Release|Any CPU.Build.0 = Release|Any CPU
	EndGlobalSection
	GlobalSection(SolutionProperties) = preSolution
		HideSolutionNode = FALSE
	EndGlobalSection
	GlobalSection(NestedProjects) = preSolution
		{3CC1C65C-430B-4F1C-BDAE-95252ED5A15B} = {ABF18505-7E66-46EE-BB40-6DA55D1C2B45}
		{728802AA-59CC-44C1-9AD1-1689471635D9} = {ABF18505-7E66-46EE-BB40-6DA55D1C2B45}
		{7F30BA6C-B090-4F66-94A1-C6164C7DBC81} = {CE455936-7EAC-472A-B8C1-C59222D2C9F3}
		{683B3400-4F2C-4D08-AB76-F54C806D20D6} = {CE455936-7EAC-472A-B8C1-C59222D2C9F3}
		{D463B745-2885-40C6-A7C8-15F053FF9B2C} = {CE455936-7EAC-472A-B8C1-C59222D2C9F3}
	EndGlobalSection
	GlobalSection(ExtensibilityGlobals) = postSolution
		SolutionGuid = {B9D08C66-7B23-47B6-86B4-0ACEE16B9D6F}
	EndGlobalSection
EndGlobal
